
Microsoft Visual Studio Solution File, Format Version 12.00
# Visual Studio Version 17
VisualStudioVersion = 17.5.33530.505
MinimumVisualStudioVersion = 10.0.40219.1
Project("{FAE04EC0-301F-11D3-BF4B-00C04F79EFBC}") = "NZWalks.API", "NZWalks.API\NZWalks.API.csproj", "{87B60ABC-F4EA-451B-B744-53BC876FA8A9}"
EndProject
Global
	GlobalSection(SolutionConfigurationPlatforms) = preSolution
		Debug|Any CPU = Debug|Any CPU
		Release|Any CPU = Release|Any CPU
	EndGlobalSection
	GlobalSection(ProjectConfigurationPlatforms) = postSolution
		{87B60ABC-F4EA-451B-B744-53BC876FA8A9}.Debug|Any CPU.ActiveCfg = Debug|Any CPU
		{87B60ABC-F4EA-451B-B744-53BC876FA8A9}.Debug|Any CPU.Build.0 = Debug|Any CPU
		{87B60ABC-F4EA-451B-B744-53BC876FA8A9}.Release|Any CPU.ActiveCfg = Release|Any CPU
		{87B60ABC-F4EA-451B-B744-53BC876FA8A9}.Release|Any CPU.Build.0 = Release|Any CPU
	EndGlobalSection
	GlobalSection(SolutionProperties) = preSolution
		HideSolutionNode = FALSE
	EndGlobalSection
	GlobalSection(ExtensibilityGlobals) = postSolution
		SolutionGuid = {AE4F64D2-EF86-449A-BFC0-24CEEBA83B15}
	EndGlobalSection
EndGlobal
